
Microsoft Visual Studio Solution File, Format Version 12.00
# Visual Studio Version 17
VisualStudioVersion = 17.8.34322.80
MinimumVisualStudioVersion = 10.0.40219.1
Project("{FAE04EC0-301F-11D3-BF4B-00C04F79EFBC}") = "ConsoleApp7", "ConsoleApp7\ConsoleApp7.csproj", "{730698AC-4414-4E5D-A01F-9C519064E871}"
EndProject
Global
	GlobalSection(SolutionConfigurationPlatforms) = preSolution
		Debug|Any CPU = Debug|Any CPU
		Release|Any CPU = Release|Any CPU
	EndGlobalSection
	GlobalSection(ProjectConfigurationPlatforms) = postSolution
		{730698AC-4414-4E5D-A01F-9C519064E871}.Debug|Any CPU.ActiveCfg = Debug|Any CPU
		{730698AC-4414-4E5D-A01F-9C519064E871}.Debug|Any CPU.Build.0 = Debug|Any CPU
		{730698AC-4414-4E5D-A01F-9C519064E871}.Release|Any CPU.ActiveCfg = Release|Any CPU
		{730698AC-4414-4E5D-A01F-9C519064E871}.Release|Any CPU.Build.0 = Release|Any CPU
	EndGlobalSection
	GlobalSection(SolutionProperties) = preSolution
		HideSolutionNode = FALSE
	EndGlobalSection
	GlobalSection(ExtensibilityGlobals) = postSolution
		SolutionGuid = {88281BF9-44D1-4734-8658-E1CFE9C9E755}
	EndGlobalSection
EndGlobal
